{
  "object": {
    "pins": [
      {
        "package": "NumberKit",
        "repositoryURL": "https://github.com/objecthub/swift-numberkit.git",
        "state": {
          "branch": null,
          "revision": "e8c1cb9e8220001a7efa857fea88c0bd762c56ea",
          "version": "2.4.1"
        }
      }
    ]
  },
  "version": 1
}
